// !$*UTF8*$!
{
	archiveVersion = 1;
	classes = {
	};
	objectVersion = 46;
	objects = {

/* Begin PBXFileReference section */
		5350860C208DD5940024A1BC /* docs */ = {isa = PBXFileReference; lastKnownFileType = folder; name = docs; path = ../docs; sourceTree = "<group>"; };
		5350860D208DD5940024A1BC /* build */ = {isa = PBXFileReference; lastKnownFileType = folder; name = build; path = ../build; sourceTree = "<group>"; };
		5350860E208DD5940024A1BC /* classes */ = {isa = PBXFileReference; lastKnownFileType = folder; name = classes; path = ../classes; sourceTree = "<group>"; };
		5350860F208DD5940024A1BC /* auto */ = {isa = PBXFileReference; lastKnownFileType = folder; name = auto; path = ../auto; sourceTree = "<group>"; };
		53508610208DD5940024A1BC /* tmp.java */ = {isa = PBXFileReference; lastKnownFileType = sourcecode.java; name = tmp.java; path = ../tmp.java; sourceTree = "<group>"; };
		53508611208DD5940024A1BC /* src */ = {isa = PBXFileReference; lastKnownFileType = folder; name = src; path = ../src; sourceTree = "<group>"; };
		53508612208DD5940024A1BC /* benchmarks */ = {isa = PBXFileReference; lastKnownFileType = folder; name = benchmarks; path = ../benchmarks; sourceTree = "<group>"; };
		53508613208DD5940024A1BC /* test */ = {isa = PBXFileReference; lastKnownFileType = folder; name = test; path = ../test; sourceTree = "<group>"; };
		53508614208DD5940024A1BC /* artifact */ = {isa = PBXFileReference; lastKnownFileType = folder; name = artifact; path = ../artifact; sourceTree = "<group>"; };
		53508615208DD5940024A1BC /* INSTALL.txt */ = {isa = PBXFileReference; lastKnownFileType = text; name = INSTALL.txt; path = ../INSTALL.txt; sourceTree = "<group>"; };
		53508616208DD5940024A1BC /* msetup */ = {isa = PBXFileReference; lastKnownFileType = text; name = msetup; path = ../msetup; sourceTree = "<group>"; };
		53508617208DD5940024A1BC /* scripts */ = {isa = PBXFileReference; lastKnownFileType = folder; name = scripts; path = ../scripts; sourceTree = "<group>"; };
		53508618208DD5940024A1BC /* build.xml */ = {isa = PBXFileReference; lastKnownFileType = text.xml; name = build.xml; path = ../build.xml; sourceTree = "<group>"; };
		53508619208DD5940024A1BC /* jars */ = {isa = PBXFileReference; lastKnownFileType = folder; name = jars; path = ../jars; sourceTree = "<group>"; };
		5350861A208DD5940024A1BC /* msetup1.5 */ = {isa = PBXFileReference; lastKnownFileType = text; name = msetup1.5; path = ../msetup1.5; sourceTree = "<group>"; };
		5350861B208DD5940024A1BC /* rr.pdf */ = {isa = PBXFileReference; lastKnownFileType = image.pdf; name = rr.pdf; path = ../rr.pdf; sourceTree = "<group>"; };
		5350861C208DD5940024A1BC /* CHANGES.txt */ = {isa = PBXFileReference; lastKnownFileType = text; name = CHANGES.txt; path = ../CHANGES.txt; sourceTree = "<group>"; };
		5350861D208DD5940024A1BC /* LICENSE-ASM.txt */ = {isa = PBXFileReference; lastKnownFileType = text; name = "LICENSE-ASM.txt"; path = "../LICENSE-ASM.txt"; sourceTree = "<group>"; };
		5350861E208DD5940024A1BC /* LICENSE-CUP.txt */ = {isa = PBXFileReference; lastKnownFileType = text; name = "LICENSE-CUP.txt"; path = "../LICENSE-CUP.txt"; sourceTree = "<group>"; };
		5350861F208DD5940024A1BC /* LICENSE-RoadRunner.txt */ = {isa = PBXFileReference; lastKnownFileType = text; name = "LICENSE-RoadRunner.txt"; path = "../LICENSE-RoadRunner.txt"; sourceTree = "<group>"; };
		53508620208DD5940024A1BC /* README.txt */ = {isa = PBXFileReference; lastKnownFileType = text; name = README.txt; path = ../README.txt; sourceTree = "<group>"; };
/* End PBXFileReference section */

/* Begin PBXGroup section */
		53508605208DD56D0024A1BC = {
			isa = PBXGroup;
			children = (
				5350860C208DD5940024A1BC /* docs */,
				5350860D208DD5940024A1BC /* build */,
				5350860E208DD5940024A1BC /* classes */,
				5350860F208DD5940024A1BC /* auto */,
				53508610208DD5940024A1BC /* tmp.java */,
				53508611208DD5940024A1BC /* src */,
				53508612208DD5940024A1BC /* benchmarks */,
				53508613208DD5940024A1BC /* test */,
				53508614208DD5940024A1BC /* artifact */,
				53508615208DD5940024A1BC /* INSTALL.txt */,
				53508616208DD5940024A1BC /* msetup */,
				53508617208DD5940024A1BC /* scripts */,
				53508618208DD5940024A1BC /* build.xml */,
				53508619208DD5940024A1BC /* jars */,
				5350861A208DD5940024A1BC /* msetup1.5 */,
				5350861B208DD5940024A1BC /* rr.pdf */,
				5350861C208DD5940024A1BC /* CHANGES.txt */,
				5350861D208DD5940024A1BC /* LICENSE-ASM.txt */,
				5350861E208DD5940024A1BC /* LICENSE-CUP.txt */,
				5350861F208DD5940024A1BC /* LICENSE-RoadRunner.txt */,
				53508620208DD5940024A1BC /* README.txt */,
			);
			sourceTree = "<group>";
		};
/* End PBXGroup section */

/* Begin PBXProject section */
		53508606208DD56D0024A1BC /* Project object */ = {
			isa = PBXProject;
			attributes = {
				LastUpgradeCheck = 0830;
			};
			buildConfigurationList = 53508609208DD56D0024A1BC /* Build configuration list for PBXProject "OptimalVerifiedFT" */;
			compatibilityVersion = "Xcode 3.2";
			developmentRegion = English;
			hasScannedForEncodings = 0;
			knownRegions = (
				en,
			);
			mainGroup = 53508605208DD56D0024A1BC;
			projectDirPath = "";
			projectRoot = "";
			targets = (
			);
		};
/* End PBXProject section */

/* Begin XCBuildConfiguration section */
		5350860A208DD56D0024A1BC /* Debug */ = {
			isa = XCBuildConfiguration;
			buildSettings = {
			};
			name = Debug;
		};
		5350860B208DD56D0024A1BC /* Release */ = {
			isa = XCBuildConfiguration;
			buildSettings = {
			};
			name = Release;
		};
/* End XCBuildConfiguration section */

/* Begin XCConfigurationList section */
		53508609208DD56D0024A1BC /* Build configuration list for PBXProject "OptimalVerifiedFT" */ = {
			isa = XCConfigurationList;
			buildConfigurations = (
				5350860A208DD56D0024A1BC /* Debug */,
				5350860B208DD56D0024A1BC /* Release */,
			);
			defaultConfigurationIsVisible = 0;
			defaultConfigurationName = Release;
		};
/* End XCConfigurationList section */
	};
	rootObject = 53508606208DD56D0024A1BC /* Project object */;
}
